
Microsoft Visual Studio Solution File, Format Version 12.00
# Visual Studio Version 17
VisualStudioVersion = 17.4.33122.133
MinimumVisualStudioVersion = 10.0.40219.1
Project("{9A19103F-16F7-4668-BE54-9A1E7A4F7556}") = "TrackerLibrary", "TrackerLibrary\TrackerLibrary.csproj", "{A8DFB653-F320-4828-AB40-6BD1CE286C31}"
EndProject
Project("{FAE04EC0-301F-11D3-BF4B-00C04F79EFBC}") = "TrackerUI", "TrackerUI\TrackerUI.csproj", "{F3D50A3C-D67B-45FE-B211-8AEAB30A8027}"
EndProject
Global
	GlobalSection(SolutionConfigurationPlatforms) = preSolution
		Debug|Any CPU = Debug|Any CPU
		Release|Any CPU = Release|Any CPU
	EndGlobalSection
	GlobalSection(ProjectConfigurationPlatforms) = postSolution
		{A8DFB653-F320-4828-AB40-6BD1CE286C31}.Debug|Any CPU.ActiveCfg = Debug|Any CPU
		{A8DFB653-F320-4828-AB40-6BD1CE286C31}.Debug|Any CPU.Build.0 = Debug|Any CPU
		{A8DFB653-F320-4828-AB40-6BD1CE286C31}.Release|Any CPU.ActiveCfg = Release|Any CPU
		{A8DFB653-F320-4828-AB40-6BD1CE286C31}.Release|Any CPU.Build.0 = Release|Any CPU
		{F3D50A3C-D67B-45FE-B211-8AEAB30A8027}.Debug|Any CPU.ActiveCfg = Debug|Any CPU
		{F3D50A3C-D67B-45FE-B211-8AEAB30A8027}.Debug|Any CPU.Build.0 = Debug|Any CPU
		{F3D50A3C-D67B-45FE-B211-8AEAB30A8027}.Release|Any CPU.ActiveCfg = Release|Any CPU
		{F3D50A3C-D67B-45FE-B211-8AEAB30A8027}.Release|Any CPU.Build.0 = Release|Any CPU
	EndGlobalSection
	GlobalSection(SolutionProperties) = preSolution
		HideSolutionNode = FALSE
	EndGlobalSection
	GlobalSection(ExtensibilityGlobals) = postSolution
		SolutionGuid = {ABEDE31D-ED34-45B4-89FD-5684FB50853C}
	EndGlobalSection
EndGlobal
